
Microsoft Visual Studio Solution File, Format Version 12.00
# Visual Studio Version 16
VisualStudioVersion = 16.0.31205.134
MinimumVisualStudioVersion = 10.0.40219.1
Project("{FAE04EC0-301F-11D3-BF4B-00C04F79EFBC}") = "BackendService", "BackendService\BackendService.csproj", "{06425669-C173-4B08-A3A9-EFD0F95FA1BF}"
EndProject
Global
	GlobalSection(SolutionConfigurationPlatforms) = preSolution
		Debug|Any CPU = Debug|Any CPU
		Release|Any CPU = Release|Any CPU
	EndGlobalSection
	GlobalSection(ProjectConfigurationPlatforms) = postSolution
		{06425669-C173-4B08-A3A9-EFD0F95FA1BF}.Debug|Any CPU.ActiveCfg = Debug|Any CPU
		{06425669-C173-4B08-A3A9-EFD0F95FA1BF}.Debug|Any CPU.Build.0 = Debug|Any CPU
		{06425669-C173-4B08-A3A9-EFD0F95FA1BF}.Release|Any CPU.ActiveCfg = Release|Any CPU
		{06425669-C173-4B08-A3A9-EFD0F95FA1BF}.Release|Any CPU.Build.0 = Release|Any CPU
	EndGlobalSection
	GlobalSection(SolutionProperties) = preSolution
		HideSolutionNode = FALSE
	EndGlobalSection
	GlobalSection(ExtensibilityGlobals) = postSolution
		SolutionGuid = {28A0E75C-86ED-455C-B30C-B0F3CE1906C8}
	EndGlobalSection
EndGlobal
